
Microsoft Visual Studio Solution File, Format Version 12.00
# Visual Studio Version 17
VisualStudioVersion = 17.7.33711.374
MinimumVisualStudioVersion = 10.0.40219.1
Project("{FAE04EC0-301F-11D3-BF4B-00C04F79EFBC}") = "Test0", "ConsoleApp24\Test0.csproj", "{18621E7B-8FA7-4AF3-B009-61AFCB87981E}"
EndProject
Global
	GlobalSection(SolutionConfigurationPlatforms) = preSolution
		Debug|Any CPU = Debug|Any CPU
		Release|Any CPU = Release|Any CPU
	EndGlobalSection
	GlobalSection(ProjectConfigurationPlatforms) = postSolution
		{18621E7B-8FA7-4AF3-B009-61AFCB87981E}.Debug|Any CPU.ActiveCfg = Debug|Any CPU
		{18621E7B-8FA7-4AF3-B009-61AFCB87981E}.Debug|Any CPU.Build.0 = Debug|Any CPU
		{18621E7B-8FA7-4AF3-B009-61AFCB87981E}.Release|Any CPU.ActiveCfg = Release|Any CPU
		{18621E7B-8FA7-4AF3-B009-61AFCB87981E}.Release|Any CPU.Build.0 = Release|Any CPU
	EndGlobalSection
	GlobalSection(SolutionProperties) = preSolution
		HideSolutionNode = FALSE
	EndGlobalSection
	GlobalSection(ExtensibilityGlobals) = postSolution
		SolutionGuid = {CC30738A-F474-45AB-8686-75895DB5F46B}
	EndGlobalSection
EndGlobal
