
Microsoft Visual Studio Solution File, Format Version 12.00
# Visual Studio Version 17
VisualStudioVersion = 17.7.33711.374
MinimumVisualStudioVersion = 10.0.40219.1
Project("{9A19103F-16F7-4668-BE54-9A1E7A4F7556}") = "Test0", "Test0\Test0.csproj", "{18621E7B-8FA7-4AF3-B009-61AFCB87981E}"
EndProject
Project("{9A19103F-16F7-4668-BE54-9A1E7A4F7556}") = "GGMLSharp", "GGMLSharp\GGMLSharp.csproj", "{E4125078-7724-435B-8062-972E54E659D4}"
EndProject
Global
	GlobalSection(SolutionConfigurationPlatforms) = preSolution
		Debug|Any CPU = Debug|Any CPU
		Release|Any CPU = Release|Any CPU
	EndGlobalSection
	GlobalSection(ProjectConfigurationPlatforms) = postSolution
		{18621E7B-8FA7-4AF3-B009-61AFCB87981E}.Debug|Any CPU.ActiveCfg = Debug|Any CPU
		{18621E7B-8FA7-4AF3-B009-61AFCB87981E}.Debug|Any CPU.Build.0 = Debug|Any CPU
		{18621E7B-8FA7-4AF3-B009-61AFCB87981E}.Release|Any CPU.ActiveCfg = Release|Any CPU
		{18621E7B-8FA7-4AF3-B009-61AFCB87981E}.Release|Any CPU.Build.0 = Release|Any CPU
		{E4125078-7724-435B-8062-972E54E659D4}.Debug|Any CPU.ActiveCfg = Debug|Any CPU
		{E4125078-7724-435B-8062-972E54E659D4}.Debug|Any CPU.Build.0 = Debug|Any CPU
		{E4125078-7724-435B-8062-972E54E659D4}.Release|Any CPU.ActiveCfg = Release|Any CPU
		{E4125078-7724-435B-8062-972E54E659D4}.Release|Any CPU.Build.0 = Release|Any CPU
	EndGlobalSection
	GlobalSection(SolutionProperties) = preSolution
		HideSolutionNode = FALSE
	EndGlobalSection
	GlobalSection(ExtensibilityGlobals) = postSolution
		SolutionGuid = {CC30738A-F474-45AB-8686-75895DB5F46B}
	EndGlobalSection
EndGlobal
