
Microsoft Visual Studio Solution File, Format Version 12.00
# Visual Studio Version 17
VisualStudioVersion = 17.7.33711.374
MinimumVisualStudioVersion = 10.0.40219.1
Project("{9A19103F-16F7-4668-BE54-9A1E7A4F7556}") = "Test0", "Test0\Test0.csproj", "{18621E7B-8FA7-4AF3-B009-61AFCB87981E}"
EndProject
Project("{9A19103F-16F7-4668-BE54-9A1E7A4F7556}") = "GGMLSharp", "GGMLSharp\GGMLSharp.csproj", "{E4125078-7724-435B-8062-972E54E659D4}"
EndProject
Project("{9A19103F-16F7-4668-BE54-9A1E7A4F7556}") = "Test1", "Test1\Test1.csproj", "{5D62E400-BE6B-415D-AC06-50348D130968}"
EndProject
Project("{2150E333-8FDC-42A3-9474-1A3956D46DE8}") = "Solution Items", "Solution Items", "{57A5E9DF-62C9-48F4-973B-AAC0070221DA}"
	ProjectSection(SolutionItems) = preProject
		README.md = README.md
	EndProjectSection
EndProject
Project("{FAE04EC0-301F-11D3-BF4B-00C04F79EFBC}") = "Test2", "Test2\Test2.csproj", "{A9649CE7-891D-490D-A044-741D407B990E}"
EndProject
Project("{FAE04EC0-301F-11D3-BF4B-00C04F79EFBC}") = "Test3", "Test3\Test3.csproj", "{3CA61F44-92DE-4391-85D3-8DF3D57FD712}"
EndProject
Global
	GlobalSection(SolutionConfigurationPlatforms) = preSolution
		Debug|Any CPU = Debug|Any CPU
		Release|Any CPU = Release|Any CPU
	EndGlobalSection
	GlobalSection(ProjectConfigurationPlatforms) = postSolution
		{18621E7B-8FA7-4AF3-B009-61AFCB87981E}.Debug|Any CPU.ActiveCfg = Debug|Any CPU
		{18621E7B-8FA7-4AF3-B009-61AFCB87981E}.Debug|Any CPU.Build.0 = Debug|Any CPU
		{18621E7B-8FA7-4AF3-B009-61AFCB87981E}.Release|Any CPU.ActiveCfg = Release|Any CPU
		{18621E7B-8FA7-4AF3-B009-61AFCB87981E}.Release|Any CPU.Build.0 = Release|Any CPU
		{E4125078-7724-435B-8062-972E54E659D4}.Debug|Any CPU.ActiveCfg = Debug|Any CPU
		{E4125078-7724-435B-8062-972E54E659D4}.Debug|Any CPU.Build.0 = Debug|Any CPU
		{E4125078-7724-435B-8062-972E54E659D4}.Release|Any CPU.ActiveCfg = Release|Any CPU
		{E4125078-7724-435B-8062-972E54E659D4}.Release|Any CPU.Build.0 = Release|Any CPU
		{5D62E400-BE6B-415D-AC06-50348D130968}.Debug|Any CPU.ActiveCfg = Debug|Any CPU
		{5D62E400-BE6B-415D-AC06-50348D130968}.Debug|Any CPU.Build.0 = Debug|Any CPU
		{5D62E400-BE6B-415D-AC06-50348D130968}.Release|Any CPU.ActiveCfg = Release|Any CPU
		{5D62E400-BE6B-415D-AC06-50348D130968}.Release|Any CPU.Build.0 = Release|Any CPU
		{A9649CE7-891D-490D-A044-741D407B990E}.Debug|Any CPU.ActiveCfg = Debug|Any CPU
		{A9649CE7-891D-490D-A044-741D407B990E}.Debug|Any CPU.Build.0 = Debug|Any CPU
		{A9649CE7-891D-490D-A044-741D407B990E}.Release|Any CPU.ActiveCfg = Release|Any CPU
		{A9649CE7-891D-490D-A044-741D407B990E}.Release|Any CPU.Build.0 = Release|Any CPU
		{3CA61F44-92DE-4391-85D3-8DF3D57FD712}.Debug|Any CPU.ActiveCfg = Debug|Any CPU
		{3CA61F44-92DE-4391-85D3-8DF3D57FD712}.Debug|Any CPU.Build.0 = Debug|Any CPU
		{3CA61F44-92DE-4391-85D3-8DF3D57FD712}.Release|Any CPU.ActiveCfg = Release|Any CPU
		{3CA61F44-92DE-4391-85D3-8DF3D57FD712}.Release|Any CPU.Build.0 = Release|Any CPU
	EndGlobalSection
	GlobalSection(SolutionProperties) = preSolution
		HideSolutionNode = FALSE
	EndGlobalSection
	GlobalSection(ExtensibilityGlobals) = postSolution
		SolutionGuid = {CC30738A-F474-45AB-8686-75895DB5F46B}
	EndGlobalSection
EndGlobal
